
Microsoft Visual Studio Solution File, Format Version 12.00
# Visual Studio 15
VisualStudioVersion = 15.0.28307.136
MinimumVisualStudioVersion = 10.0.40219.1
Project("{FAE04EC0-301F-11D3-BF4B-00C04F79EFBC}") = "Bike", "Bike\Bike.csproj", "{52036646-2FFF-429F-974A-EEC578DAA771}"
EndProject
Project("{FAE04EC0-301F-11D3-BF4B-00C04F79EFBC}") = "Bike.Tests", "Bike.Tests\Bike.Tests.csproj", "{A2C2B385-8925-47A3-B8E7-789642D347E5}"
EndProject
Project("{FAE04EC0-301F-11D3-BF4B-00C04F79EFBC}") = "DAL", "DAL\DAL.csproj", "{9727622A-99F7-4A73-B98A-7CD96B8D1037}"
EndProject
Project("{FAE04EC0-301F-11D3-BF4B-00C04F79EFBC}") = "BAL", "BAL\BAL.csproj", "{04851F87-3D8B-41FB-84A0-A18D9E14F1CB}"
EndProject
Global
	GlobalSection(SolutionConfigurationPlatforms) = preSolution
		Debug|Any CPU = Debug|Any CPU
		Release|Any CPU = Release|Any CPU
	EndGlobalSection
	GlobalSection(ProjectConfigurationPlatforms) = postSolution
		{52036646-2FFF-429F-974A-EEC578DAA771}.Debug|Any CPU.ActiveCfg = Debug|Any CPU
		{52036646-2FFF-429F-974A-EEC578DAA771}.Debug|Any CPU.Build.0 = Debug|Any CPU
		{52036646-2FFF-429F-974A-EEC578DAA771}.Release|Any CPU.ActiveCfg = Release|Any CPU
		{52036646-2FFF-429F-974A-EEC578DAA771}.Release|Any CPU.Build.0 = Release|Any CPU
		{A2C2B385-8925-47A3-B8E7-789642D347E5}.Debug|Any CPU.ActiveCfg = Debug|Any CPU
		{A2C2B385-8925-47A3-B8E7-789642D347E5}.Debug|Any CPU.Build.0 = Debug|Any CPU
		{A2C2B385-8925-47A3-B8E7-789642D347E5}.Release|Any CPU.ActiveCfg = Release|Any CPU
		{A2C2B385-8925-47A3-B8E7-789642D347E5}.Release|Any CPU.Build.0 = Release|Any CPU
		{9727622A-99F7-4A73-B98A-7CD96B8D1037}.Debug|Any CPU.ActiveCfg = Debug|Any CPU
		{9727622A-99F7-4A73-B98A-7CD96B8D1037}.Debug|Any CPU.Build.0 = Debug|Any CPU
		{9727622A-99F7-4A73-B98A-7CD96B8D1037}.Release|Any CPU.ActiveCfg = Release|Any CPU
		{9727622A-99F7-4A73-B98A-7CD96B8D1037}.Release|Any CPU.Build.0 = Release|Any CPU
		{04851F87-3D8B-41FB-84A0-A18D9E14F1CB}.Debug|Any CPU.ActiveCfg = Debug|Any CPU
		{04851F87-3D8B-41FB-84A0-A18D9E14F1CB}.Debug|Any CPU.Build.0 = Debug|Any CPU
		{04851F87-3D8B-41FB-84A0-A18D9E14F1CB}.Release|Any CPU.ActiveCfg = Release|Any CPU
		{04851F87-3D8B-41FB-84A0-A18D9E14F1CB}.Release|Any CPU.Build.0 = Release|Any CPU
	EndGlobalSection
	GlobalSection(SolutionProperties) = preSolution
		HideSolutionNode = FALSE
	EndGlobalSection
	GlobalSection(ExtensibilityGlobals) = postSolution
		SolutionGuid = {737789B1-4013-4B0F-8E3F-47DD5DB26DD4}
	EndGlobalSection
EndGlobal
